
Microsoft Visual Studio Solution File, Format Version 12.00
# Visual Studio Version 17
VisualStudioVersion = 17.4.33122.133
MinimumVisualStudioVersion = 10.0.40219.1
Project("{8BC9CEB8-8B4A-11D0-8D11-00A0C91BC942}") = "day01", "day01\day01.vcxproj", "{2D4683F0-6CD2-4FB9-8B67-2AA7C6B7FC70}"
EndProject
Project("{8BC9CEB8-8B4A-11D0-8D11-00A0C91BC942}") = "template", "template\template.vcxproj", "{45673905-92EF-497D-95B8-11388DE87F69}"
EndProject
Project("{2150E333-8FDC-42A3-9474-1A3956D46DE8}") = "Solution Items", "Solution Items", "{C259A746-6BED-4D4D-99F4-560F732CE17E}"
	ProjectSection(SolutionItems) = preProject
		README.md = README.md
		TODOs.txt = TODOs.txt
	EndProjectSection
EndProject
Project("{8BC9CEB8-8B4A-11D0-8D11-00A0C91BC942}") = "day02", "day02\day02.vcxproj", "{9855FE5B-311E-486A-AE84-00BBB782D4BB}"
EndProject
Project("{8BC9CEB8-8B4A-11D0-8D11-00A0C91BC942}") = "day03", "day03\day03.vcxproj", "{562F1EA4-5B38-4533-8913-9F96E90D5E0B}"
EndProject
Project("{8BC9CEB8-8B4A-11D0-8D11-00A0C91BC942}") = "AoC", "AoC\AoC.vcxproj", "{C42E5183-12FA-4908-9E4A-740192CF506A}"
EndProject
Project("{8BC9CEB8-8B4A-11D0-8D11-00A0C91BC942}") = "day04", "day04\day04.vcxproj", "{06447562-DF7F-46A3-BFCC-F096D7C6586C}"
EndProject
Project("{8BC9CEB8-8B4A-11D0-8D11-00A0C91BC942}") = "day05", "day05\day05.vcxproj", "{F9D6FE28-BD6E-4412-8CA8-10BF28DD2AC2}"
EndProject
Project("{8BC9CEB8-8B4A-11D0-8D11-00A0C91BC942}") = "day06", "day06\day06.vcxproj", "{FEA193C0-A465-4620-B4B5-596259E5294D}"
EndProject
Project("{8BC9CEB8-8B4A-11D0-8D11-00A0C91BC942}") = "day07", "day07\day07.vcxproj", "{528EFA61-D270-4DDA-AF47-6036D32FF660}"
EndProject
Project("{8BC9CEB8-8B4A-11D0-8D11-00A0C91BC942}") = "day08", "day08\day08.vcxproj", "{F7237069-E8B0-40E0-9469-83D305B9F009}"
EndProject
Project("{8BC9CEB8-8B4A-11D0-8D11-00A0C91BC942}") = "day09", "day09\day09.vcxproj", "{E33C4FF5-FC99-417A-A2BD-81686D9A0C26}"
EndProject
Project("{8BC9CEB8-8B4A-11D0-8D11-00A0C91BC942}") = "day10", "day10\day10.vcxproj", "{E7A9711C-8E0D-4474-9117-1AE7E983A436}"
EndProject
Project("{8BC9CEB8-8B4A-11D0-8D11-00A0C91BC942}") = "day11", "day11\day11.vcxproj", "{D7AD6E25-F642-4F0A-89FB-4483041A2A37}"
EndProject
Project("{8BC9CEB8-8B4A-11D0-8D11-00A0C91BC942}") = "day12", "day12\day12.vcxproj", "{285D5294-DD49-411A-B68B-0CB1E191C9EC}"
EndProject
Project("{8BC9CEB8-8B4A-11D0-8D11-00A0C91BC942}") = "day13", "day13\day13.vcxproj", "{4591F450-6744-45CF-9A0F-B824E139890C}"
EndProject
Project("{8BC9CEB8-8B4A-11D0-8D11-00A0C91BC942}") = "day14", "day14\day14.vcxproj", "{4F927406-26A5-4DBF-9BA7-126EE76E9CC5}"
EndProject
Project("{8BC9CEB8-8B4A-11D0-8D11-00A0C91BC942}") = "day15", "day15\day15.vcxproj", "{74A84ECD-1DEB-4225-A0BC-432FE946C26C}"
EndProject
Project("{8BC9CEB8-8B4A-11D0-8D11-00A0C91BC942}") = "day16", "day16\day16.vcxproj", "{1FE75134-9268-4279-9DCD-6DB3EF43CA99}"
EndProject
Project("{8BC9CEB8-8B4A-11D0-8D11-00A0C91BC942}") = "day17", "day17\day17.vcxproj", "{B1C47500-B7AD-4A34-B1E3-6E5D199BA969}"
EndProject
Project("{8BC9CEB8-8B4A-11D0-8D11-00A0C91BC942}") = "day18", "day18\day18.vcxproj", "{17B00053-E7C1-46F0-A816-F7348E6C3FD3}"
EndProject
Project("{8BC9CEB8-8B4A-11D0-8D11-00A0C91BC942}") = "day19", "day19\day19.vcxproj", "{C99E6384-2A11-4FEC-9A5D-6D45F3AE4800}"
EndProject
Project("{8BC9CEB8-8B4A-11D0-8D11-00A0C91BC942}") = "day20", "day20\day20.vcxproj", "{559FB0A7-F4B8-46BC-8B7C-7B5CB09D098C}"
EndProject
Project("{8BC9CEB8-8B4A-11D0-8D11-00A0C91BC942}") = "day21", "day21\day21.vcxproj", "{1A4CEC10-518F-46F9-8AFB-BF8F79CA1FE7}"
EndProject
Project("{8BC9CEB8-8B4A-11D0-8D11-00A0C91BC942}") = "day22", "day22\day22.vcxproj", "{1674D178-22A8-4D5D-8B54-276A79035581}"
EndProject
Project("{8BC9CEB8-8B4A-11D0-8D11-00A0C91BC942}") = "day23", "day23\day23.vcxproj", "{E19F5254-2FE0-4B2F-AC28-7CC52AEC3EEC}"
EndProject
Project("{8BC9CEB8-8B4A-11D0-8D11-00A0C91BC942}") = "day24", "day24\day24.vcxproj", "{4DD2350A-DED6-41DF-BB4C-AEEDBF3C5E77}"
EndProject
Project("{8BC9CEB8-8B4A-11D0-8D11-00A0C91BC942}") = "day25", "day25\day25.vcxproj", "{D1C70E08-431D-4FFF-B06F-CA396253A673}"
EndProject
Global
	GlobalSection(SolutionConfigurationPlatforms) = preSolution
		Debug|x64 = Debug|x64
		Debug|x86 = Debug|x86
		Release|x64 = Release|x64
		Release|x86 = Release|x86
	EndGlobalSection
	GlobalSection(ProjectConfigurationPlatforms) = postSolution
		{2D4683F0-6CD2-4FB9-8B67-2AA7C6B7FC70}.Debug|x64.ActiveCfg = Debug|x64
		{2D4683F0-6CD2-4FB9-8B67-2AA7C6B7FC70}.Debug|x64.Build.0 = Debug|x64
		{2D4683F0-6CD2-4FB9-8B67-2AA7C6B7FC70}.Debug|x86.ActiveCfg = Debug|Win32
		{2D4683F0-6CD2-4FB9-8B67-2AA7C6B7FC70}.Debug|x86.Build.0 = Debug|Win32
		{2D4683F0-6CD2-4FB9-8B67-2AA7C6B7FC70}.Release|x64.ActiveCfg = Release|x64
		{2D4683F0-6CD2-4FB9-8B67-2AA7C6B7FC70}.Release|x64.Build.0 = Release|x64
		{2D4683F0-6CD2-4FB9-8B67-2AA7C6B7FC70}.Release|x86.ActiveCfg = Release|Win32
		{2D4683F0-6CD2-4FB9-8B67-2AA7C6B7FC70}.Release|x86.Build.0 = Release|Win32
		{45673905-92EF-497D-95B8-11388DE87F69}.Debug|x64.ActiveCfg = Debug|x64
		{45673905-92EF-497D-95B8-11388DE87F69}.Debug|x64.Build.0 = Debug|x64
		{45673905-92EF-497D-95B8-11388DE87F69}.Debug|x86.ActiveCfg = Debug|Win32
		{45673905-92EF-497D-95B8-11388DE87F69}.Debug|x86.Build.0 = Debug|Win32
		{45673905-92EF-497D-95B8-11388DE87F69}.Release|x64.ActiveCfg = Release|x64
		{45673905-92EF-497D-95B8-11388DE87F69}.Release|x64.Build.0 = Release|x64
		{45673905-92EF-497D-95B8-11388DE87F69}.Release|x86.ActiveCfg = Release|Win32
		{45673905-92EF-497D-95B8-11388DE87F69}.Release|x86.Build.0 = Release|Win32
		{9855FE5B-311E-486A-AE84-00BBB782D4BB}.Debug|x64.ActiveCfg = Debug|x64
		{9855FE5B-311E-486A-AE84-00BBB782D4BB}.Debug|x64.Build.0 = Debug|x64
		{9855FE5B-311E-486A-AE84-00BBB782D4BB}.Debug|x86.ActiveCfg = Debug|Win32
		{9855FE5B-311E-486A-AE84-00BBB782D4BB}.Debug|x86.Build.0 = Debug|Win32
		{9855FE5B-311E-486A-AE84-00BBB782D4BB}.Release|x64.ActiveCfg = Release|x64
		{9855FE5B-311E-486A-AE84-00BBB782D4BB}.Release|x64.Build.0 = Release|x64
		{9855FE5B-311E-486A-AE84-00BBB782D4BB}.Release|x86.ActiveCfg = Release|Win32
		{9855FE5B-311E-486A-AE84-00BBB782D4BB}.Release|x86.Build.0 = Release|Win32
		{562F1EA4-5B38-4533-8913-9F96E90D5E0B}.Debug|x64.ActiveCfg = Debug|x64
		{562F1EA4-5B38-4533-8913-9F96E90D5E0B}.Debug|x64.Build.0 = Debug|x64
		{562F1EA4-5B38-4533-8913-9F96E90D5E0B}.Debug|x86.ActiveCfg = Debug|Win32
		{562F1EA4-5B38-4533-8913-9F96E90D5E0B}.Debug|x86.Build.0 = Debug|Win32
		{562F1EA4-5B38-4533-8913-9F96E90D5E0B}.Release|x64.ActiveCfg = Release|x64
		{562F1EA4-5B38-4533-8913-9F96E90D5E0B}.Release|x64.Build.0 = Release|x64
		{562F1EA4-5B38-4533-8913-9F96E90D5E0B}.Release|x86.ActiveCfg = Release|Win32
		{562F1EA4-5B38-4533-8913-9F96E90D5E0B}.Release|x86.Build.0 = Release|Win32
		{C42E5183-12FA-4908-9E4A-740192CF506A}.Debug|x64.ActiveCfg = Debug|x64
		{C42E5183-12FA-4908-9E4A-740192CF506A}.Debug|x64.Build.0 = Debug|x64
		{C42E5183-12FA-4908-9E4A-740192CF506A}.Debug|x86.ActiveCfg = Debug|Win32
		{C42E5183-12FA-4908-9E4A-740192CF506A}.Debug|x86.Build.0 = Debug|Win32
		{C42E5183-12FA-4908-9E4A-740192CF506A}.Release|x64.ActiveCfg = Release|x64
		{C42E5183-12FA-4908-9E4A-740192CF506A}.Release|x64.Build.0 = Release|x64
		{C42E5183-12FA-4908-9E4A-740192CF506A}.Release|x86.ActiveCfg = Release|Win32
		{C42E5183-12FA-4908-9E4A-740192CF506A}.Release|x86.Build.0 = Release|Win32
		{06447562-DF7F-46A3-BFCC-F096D7C6586C}.Debug|x64.ActiveCfg = Debug|x64
		{06447562-DF7F-46A3-BFCC-F096D7C6586C}.Debug|x64.Build.0 = Debug|x64
		{06447562-DF7F-46A3-BFCC-F096D7C6586C}.Debug|x86.ActiveCfg = Debug|Win32
		{06447562-DF7F-46A3-BFCC-F096D7C6586C}.Debug|x86.Build.0 = Debug|Win32
		{06447562-DF7F-46A3-BFCC-F096D7C6586C}.Release|x64.ActiveCfg = Release|x64
		{06447562-DF7F-46A3-BFCC-F096D7C6586C}.Release|x64.Build.0 = Release|x64
		{06447562-DF7F-46A3-BFCC-F096D7C6586C}.Release|x86.ActiveCfg = Release|Win32
		{06447562-DF7F-46A3-BFCC-F096D7C6586C}.Release|x86.Build.0 = Release|Win32
		{F9D6FE28-BD6E-4412-8CA8-10BF28DD2AC2}.Debug|x64.ActiveCfg = Debug|x64
		{F9D6FE28-BD6E-4412-8CA8-10BF28DD2AC2}.Debug|x64.Build.0 = Debug|x64
		{F9D6FE28-BD6E-4412-8CA8-10BF28DD2AC2}.Debug|x86.ActiveCfg = Debug|Win32
		{F9D6FE28-BD6E-4412-8CA8-10BF28DD2AC2}.Debug|x86.Build.0 = Debug|Win32
		{F9D6FE28-BD6E-4412-8CA8-10BF28DD2AC2}.Release|x64.ActiveCfg = Release|x64
		{F9D6FE28-BD6E-4412-8CA8-10BF28DD2AC2}.Release|x64.Build.0 = Release|x64
		{F9D6FE28-BD6E-4412-8CA8-10BF28DD2AC2}.Release|x86.ActiveCfg = Release|Win32
		{F9D6FE28-BD6E-4412-8CA8-10BF28DD2AC2}.Release|x86.Build.0 = Release|Win32
		{FEA193C0-A465-4620-B4B5-596259E5294D}.Debug|x64.ActiveCfg = Debug|x64
		{FEA193C0-A465-4620-B4B5-596259E5294D}.Debug|x64.Build.0 = Debug|x64
		{FEA193C0-A465-4620-B4B5-596259E5294D}.Debug|x86.ActiveCfg = Debug|Win32
		{FEA193C0-A465-4620-B4B5-596259E5294D}.Debug|x86.Build.0 = Debug|Win32
		{FEA193C0-A465-4620-B4B5-596259E5294D}.Release|x64.ActiveCfg = Release|x64
		{FEA193C0-A465-4620-B4B5-596259E5294D}.Release|x64.Build.0 = Release|x64
		{FEA193C0-A465-4620-B4B5-596259E5294D}.Release|x86.ActiveCfg = Release|Win32
		{FEA193C0-A465-4620-B4B5-596259E5294D}.Release|x86.Build.0 = Release|Win32
		{528EFA61-D270-4DDA-AF47-6036D32FF660}.Debug|x64.ActiveCfg = Debug|x64
		{528EFA61-D270-4DDA-AF47-6036D32FF660}.Debug|x64.Build.0 = Debug|x64
		{528EFA61-D270-4DDA-AF47-6036D32FF660}.Debug|x86.ActiveCfg = Debug|Win32
		{528EFA61-D270-4DDA-AF47-6036D32FF660}.Debug|x86.Build.0 = Debug|Win32
		{528EFA61-D270-4DDA-AF47-6036D32FF660}.Release|x64.ActiveCfg = Release|x64
		{528EFA61-D270-4DDA-AF47-6036D32FF660}.Release|x64.Build.0 = Release|x64
		{528EFA61-D270-4DDA-AF47-6036D32FF660}.Release|x86.ActiveCfg = Release|Win32
		{528EFA61-D270-4DDA-AF47-6036D32FF660}.Release|x86.Build.0 = Release|Win32
		{F7237069-E8B0-40E0-9469-83D305B9F009}.Debug|x64.ActiveCfg = Debug|x64
		{F7237069-E8B0-40E0-9469-83D305B9F009}.Debug|x64.Build.0 = Debug|x64
		{F7237069-E8B0-40E0-9469-83D305B9F009}.Debug|x86.ActiveCfg = Debug|Win32
		{F7237069-E8B0-40E0-9469-83D305B9F009}.Debug|x86.Build.0 = Debug|Win32
		{F7237069-E8B0-40E0-9469-83D305B9F009}.Release|x64.ActiveCfg = Release|x64
		{F7237069-E8B0-40E0-9469-83D305B9F009}.Release|x64.Build.0 = Release|x64
		{F7237069-E8B0-40E0-9469-83D305B9F009}.Release|x86.ActiveCfg = Release|Win32
		{F7237069-E8B0-40E0-9469-83D305B9F009}.Release|x86.Build.0 = Release|Win32
		{E33C4FF5-FC99-417A-A2BD-81686D9A0C26}.Debug|x64.ActiveCfg = Debug|x64
		{E33C4FF5-FC99-417A-A2BD-81686D9A0C26}.Debug|x64.Build.0 = Debug|x64
		{E33C4FF5-FC99-417A-A2BD-81686D9A0C26}.Debug|x86.ActiveCfg = Debug|Win32
		{E33C4FF5-FC99-417A-A2BD-81686D9A0C26}.Debug|x86.Build.0 = Debug|Win32
		{E33C4FF5-FC99-417A-A2BD-81686D9A0C26}.Release|x64.ActiveCfg = Release|x64
		{E33C4FF5-FC99-417A-A2BD-81686D9A0C26}.Release|x64.Build.0 = Release|x64
		{E33C4FF5-FC99-417A-A2BD-81686D9A0C26}.Release|x86.ActiveCfg = Release|Win32
		{E33C4FF5-FC99-417A-A2BD-81686D9A0C26}.Release|x86.Build.0 = Release|Win32
		{E7A9711C-8E0D-4474-9117-1AE7E983A436}.Debug|x64.ActiveCfg = Debug|x64
		{E7A9711C-8E0D-4474-9117-1AE7E983A436}.Debug|x64.Build.0 = Debug|x64
		{E7A9711C-8E0D-4474-9117-1AE7E983A436}.Debug|x86.ActiveCfg = Debug|Win32
		{E7A9711C-8E0D-4474-9117-1AE7E983A436}.Debug|x86.Build.0 = Debug|Win32
		{E7A9711C-8E0D-4474-9117-1AE7E983A436}.Release|x64.ActiveCfg = Release|x64
		{E7A9711C-8E0D-4474-9117-1AE7E983A436}.Release|x64.Build.0 = Release|x64
		{E7A9711C-8E0D-4474-9117-1AE7E983A436}.Release|x86.ActiveCfg = Release|Win32
		{E7A9711C-8E0D-4474-9117-1AE7E983A436}.Release|x86.Build.0 = Release|Win32
		{D7AD6E25-F642-4F0A-89FB-4483041A2A37}.Debug|x64.ActiveCfg = Debug|x64
		{D7AD6E25-F642-4F0A-89FB-4483041A2A37}.Debug|x64.Build.0 = Debug|x64
		{D7AD6E25-F642-4F0A-89FB-4483041A2A37}.Debug|x86.ActiveCfg = Debug|Win32
		{D7AD6E25-F642-4F0A-89FB-4483041A2A37}.Debug|x86.Build.0 = Debug|Win32
		{D7AD6E25-F642-4F0A-89FB-4483041A2A37}.Release|x64.ActiveCfg = Release|x64
		{D7AD6E25-F642-4F0A-89FB-4483041A2A37}.Release|x64.Build.0 = Release|x64
		{D7AD6E25-F642-4F0A-89FB-4483041A2A37}.Release|x86.ActiveCfg = Release|Win32
		{D7AD6E25-F642-4F0A-89FB-4483041A2A37}.Release|x86.Build.0 = Release|Win32
		{285D5294-DD49-411A-B68B-0CB1E191C9EC}.Debug|x64.ActiveCfg = Debug|x64
		{285D5294-DD49-411A-B68B-0CB1E191C9EC}.Debug|x64.Build.0 = Debug|x64
		{285D5294-DD49-411A-B68B-0CB1E191C9EC}.Debug|x86.ActiveCfg = Debug|Win32
		{285D5294-DD49-411A-B68B-0CB1E191C9EC}.Debug|x86.Build.0 = Debug|Win32
		{285D5294-DD49-411A-B68B-0CB1E191C9EC}.Release|x64.ActiveCfg = Release|x64
		{285D5294-DD49-411A-B68B-0CB1E191C9EC}.Release|x64.Build.0 = Release|x64
		{285D5294-DD49-411A-B68B-0CB1E191C9EC}.Release|x86.ActiveCfg = Release|Win32
		{285D5294-DD49-411A-B68B-0CB1E191C9EC}.Release|x86.Build.0 = Release|Win32
		{4591F450-6744-45CF-9A0F-B824E139890C}.Debug|x64.ActiveCfg = Debug|x64
		{4591F450-6744-45CF-9A0F-B824E139890C}.Debug|x64.Build.0 = Debug|x64
		{4591F450-6744-45CF-9A0F-B824E139890C}.Debug|x86.ActiveCfg = Debug|Win32
		{4591F450-6744-45CF-9A0F-B824E139890C}.Debug|x86.Build.0 = Debug|Win32
		{4591F450-6744-45CF-9A0F-B824E139890C}.Release|x64.ActiveCfg = Release|x64
		{4591F450-6744-45CF-9A0F-B824E139890C}.Release|x64.Build.0 = Release|x64
		{4591F450-6744-45CF-9A0F-B824E139890C}.Release|x86.ActiveCfg = Release|Win32
		{4591F450-6744-45CF-9A0F-B824E139890C}.Release|x86.Build.0 = Release|Win32
		{4F927406-26A5-4DBF-9BA7-126EE76E9CC5}.Debug|x64.ActiveCfg = Debug|x64
		{4F927406-26A5-4DBF-9BA7-126EE76E9CC5}.Debug|x64.Build.0 = Debug|x64
		{4F927406-26A5-4DBF-9BA7-126EE76E9CC5}.Debug|x86.ActiveCfg = Debug|Win32
		{4F927406-26A5-4DBF-9BA7-126EE76E9CC5}.Debug|x86.Build.0 = Debug|Win32
		{4F927406-26A5-4DBF-9BA7-126EE76E9CC5}.Release|x64.ActiveCfg = Release|x64
		{4F927406-26A5-4DBF-9BA7-126EE76E9CC5}.Release|x64.Build.0 = Release|x64
		{4F927406-26A5-4DBF-9BA7-126EE76E9CC5}.Release|x86.ActiveCfg = Release|Win32
		{4F927406-26A5-4DBF-9BA7-126EE76E9CC5}.Release|x86.Build.0 = Release|Win32
		{74A84ECD-1DEB-4225-A0BC-432FE946C26C}.Debug|x64.ActiveCfg = Debug|x64
		{74A84ECD-1DEB-4225-A0BC-432FE946C26C}.Debug|x64.Build.0 = Debug|x64
		{74A84ECD-1DEB-4225-A0BC-432FE946C26C}.Debug|x86.ActiveCfg = Debug|Win32
		{74A84ECD-1DEB-4225-A0BC-432FE946C26C}.Debug|x86.Build.0 = Debug|Win32
		{74A84ECD-1DEB-4225-A0BC-432FE946C26C}.Release|x64.ActiveCfg = Release|x64
		{74A84ECD-1DEB-4225-A0BC-432FE946C26C}.Release|x64.Build.0 = Release|x64
		{74A84ECD-1DEB-4225-A0BC-432FE946C26C}.Release|x86.ActiveCfg = Release|Win32
		{74A84ECD-1DEB-4225-A0BC-432FE946C26C}.Release|x86.Build.0 = Release|Win32
		{1FE75134-9268-4279-9DCD-6DB3EF43CA99}.Debug|x64.ActiveCfg = Debug|x64
		{1FE75134-9268-4279-9DCD-6DB3EF43CA99}.Debug|x64.Build.0 = Debug|x64
		{1FE75134-9268-4279-9DCD-6DB3EF43CA99}.Debug|x86.ActiveCfg = Debug|Win32
		{1FE75134-9268-4279-9DCD-6DB3EF43CA99}.Debug|x86.Build.0 = Debug|Win32
		{1FE75134-9268-4279-9DCD-6DB3EF43CA99}.Release|x64.ActiveCfg = Release|x64
		{1FE75134-9268-4279-9DCD-6DB3EF43CA99}.Release|x64.Build.0 = Release|x64
		{1FE75134-9268-4279-9DCD-6DB3EF43CA99}.Release|x86.ActiveCfg = Release|Win32
		{1FE75134-9268-4279-9DCD-6DB3EF43CA99}.Release|x86.Build.0 = Release|Win32
		{B1C47500-B7AD-4A34-B1E3-6E5D199BA969}.Debug|x64.ActiveCfg = Debug|x64
		{B1C47500-B7AD-4A34-B1E3-6E5D199BA969}.Debug|x64.Build.0 = Debug|x64
		{B1C47500-B7AD-4A34-B1E3-6E5D199BA969}.Debug|x86.ActiveCfg = Debug|Win32
		{B1C47500-B7AD-4A34-B1E3-6E5D199BA969}.Debug|x86.Build.0 = Debug|Win32
		{B1C47500-B7AD-4A34-B1E3-6E5D199BA969}.Release|x64.ActiveCfg = Release|x64
		{B1C47500-B7AD-4A34-B1E3-6E5D199BA969}.Release|x64.Build.0 = Release|x64
		{B1C47500-B7AD-4A34-B1E3-6E5D199BA969}.Release|x86.ActiveCfg = Release|Win32
		{B1C47500-B7AD-4A34-B1E3-6E5D199BA969}.Release|x86.Build.0 = Release|Win32
		{17B00053-E7C1-46F0-A816-F7348E6C3FD3}.Debug|x64.ActiveCfg = Debug|x64
		{17B00053-E7C1-46F0-A816-F7348E6C3FD3}.Debug|x64.Build.0 = Debug|x64
		{17B00053-E7C1-46F0-A816-F7348E6C3FD3}.Debug|x86.ActiveCfg = Debug|Win32
		{17B00053-E7C1-46F0-A816-F7348E6C3FD3}.Debug|x86.Build.0 = Debug|Win32
		{17B00053-E7C1-46F0-A816-F7348E6C3FD3}.Release|x64.ActiveCfg = Release|x64
		{17B00053-E7C1-46F0-A816-F7348E6C3FD3}.Release|x64.Build.0 = Release|x64
		{17B00053-E7C1-46F0-A816-F7348E6C3FD3}.Release|x86.ActiveCfg = Release|Win32
		{17B00053-E7C1-46F0-A816-F7348E6C3FD3}.Release|x86.Build.0 = Release|Win32
		{C99E6384-2A11-4FEC-9A5D-6D45F3AE4800}.Debug|x64.ActiveCfg = Debug|x64
		{C99E6384-2A11-4FEC-9A5D-6D45F3AE4800}.Debug|x64.Build.0 = Debug|x64
		{C99E6384-2A11-4FEC-9A5D-6D45F3AE4800}.Debug|x86.ActiveCfg = Debug|Win32
		{C99E6384-2A11-4FEC-9A5D-6D45F3AE4800}.Debug|x86.Build.0 = Debug|Win32
		{C99E6384-2A11-4FEC-9A5D-6D45F3AE4800}.Release|x64.ActiveCfg = Release|x64
		{C99E6384-2A11-4FEC-9A5D-6D45F3AE4800}.Release|x64.Build.0 = Release|x64
		{C99E6384-2A11-4FEC-9A5D-6D45F3AE4800}.Release|x86.ActiveCfg = Release|Win32
		{C99E6384-2A11-4FEC-9A5D-6D45F3AE4800}.Release|x86.Build.0 = Release|Win32
		{559FB0A7-F4B8-46BC-8B7C-7B5CB09D098C}.Debug|x64.ActiveCfg = Debug|x64
		{559FB0A7-F4B8-46BC-8B7C-7B5CB09D098C}.Debug|x64.Build.0 = Debug|x64
		{559FB0A7-F4B8-46BC-8B7C-7B5CB09D098C}.Debug|x86.ActiveCfg = Debug|Win32
		{559FB0A7-F4B8-46BC-8B7C-7B5CB09D098C}.Debug|x86.Build.0 = Debug|Win32
		{559FB0A7-F4B8-46BC-8B7C-7B5CB09D098C}.Release|x64.ActiveCfg = Release|x64
		{559FB0A7-F4B8-46BC-8B7C-7B5CB09D098C}.Release|x64.Build.0 = Release|x64
		{559FB0A7-F4B8-46BC-8B7C-7B5CB09D098C}.Release|x86.ActiveCfg = Release|Win32
		{559FB0A7-F4B8-46BC-8B7C-7B5CB09D098C}.Release|x86.Build.0 = Release|Win32
		{1A4CEC10-518F-46F9-8AFB-BF8F79CA1FE7}.Debug|x64.ActiveCfg = Debug|x64
		{1A4CEC10-518F-46F9-8AFB-BF8F79CA1FE7}.Debug|x64.Build.0 = Debug|x64
		{1A4CEC10-518F-46F9-8AFB-BF8F79CA1FE7}.Debug|x86.ActiveCfg = Debug|Win32
		{1A4CEC10-518F-46F9-8AFB-BF8F79CA1FE7}.Debug|x86.Build.0 = Debug|Win32
		{1A4CEC10-518F-46F9-8AFB-BF8F79CA1FE7}.Release|x64.ActiveCfg = Release|x64
		{1A4CEC10-518F-46F9-8AFB-BF8F79CA1FE7}.Release|x64.Build.0 = Release|x64
		{1A4CEC10-518F-46F9-8AFB-BF8F79CA1FE7}.Release|x86.ActiveCfg = Release|Win32
		{1A4CEC10-518F-46F9-8AFB-BF8F79CA1FE7}.Release|x86.Build.0 = Release|Win32
		{1674D178-22A8-4D5D-8B54-276A79035581}.Debug|x64.ActiveCfg = Debug|x64
		{1674D178-22A8-4D5D-8B54-276A79035581}.Debug|x64.Build.0 = Debug|x64
		{1674D178-22A8-4D5D-8B54-276A79035581}.Debug|x86.ActiveCfg = Debug|Win32
		{1674D178-22A8-4D5D-8B54-276A79035581}.Debug|x86.Build.0 = Debug|Win32
		{1674D178-22A8-4D5D-8B54-276A79035581}.Release|x64.ActiveCfg = Release|x64
		{1674D178-22A8-4D5D-8B54-276A79035581}.Release|x64.Build.0 = Release|x64
		{1674D178-22A8-4D5D-8B54-276A79035581}.Release|x86.ActiveCfg = Release|Win32
		{1674D178-22A8-4D5D-8B54-276A79035581}.Release|x86.Build.0 = Release|Win32
		{E19F5254-2FE0-4B2F-AC28-7CC52AEC3EEC}.Debug|x64.ActiveCfg = Debug|x64
		{E19F5254-2FE0-4B2F-AC28-7CC52AEC3EEC}.Debug|x64.Build.0 = Debug|x64
		{E19F5254-2FE0-4B2F-AC28-7CC52AEC3EEC}.Debug|x86.ActiveCfg = Debug|Win32
		{E19F5254-2FE0-4B2F-AC28-7CC52AEC3EEC}.Debug|x86.Build.0 = Debug|Win32
		{E19F5254-2FE0-4B2F-AC28-7CC52AEC3EEC}.Release|x64.ActiveCfg = Release|x64
		{E19F5254-2FE0-4B2F-AC28-7CC52AEC3EEC}.Release|x64.Build.0 = Release|x64
		{E19F5254-2FE0-4B2F-AC28-7CC52AEC3EEC}.Release|x86.ActiveCfg = Release|Win32
		{E19F5254-2FE0-4B2F-AC28-7CC52AEC3EEC}.Release|x86.Build.0 = Release|Win32
		{4DD2350A-DED6-41DF-BB4C-AEEDBF3C5E77}.Debug|x64.ActiveCfg = Debug|x64
		{4DD2350A-DED6-41DF-BB4C-AEEDBF3C5E77}.Debug|x64.Build.0 = Debug|x64
		{4DD2350A-DED6-41DF-BB4C-AEEDBF3C5E77}.Debug|x86.ActiveCfg = Debug|Win32
		{4DD2350A-DED6-41DF-BB4C-AEEDBF3C5E77}.Debug|x86.Build.0 = Debug|Win32
		{4DD2350A-DED6-41DF-BB4C-AEEDBF3C5E77}.Release|x64.ActiveCfg = Release|x64
		{4DD2350A-DED6-41DF-BB4C-AEEDBF3C5E77}.Release|x64.Build.0 = Release|x64
		{4DD2350A-DED6-41DF-BB4C-AEEDBF3C5E77}.Release|x86.ActiveCfg = Release|Win32
		{4DD2350A-DED6-41DF-BB4C-AEEDBF3C5E77}.Release|x86.Build.0 = Release|Win32
		{D1C70E08-431D-4FFF-B06F-CA396253A673}.Debug|x64.ActiveCfg = Debug|x64
		{D1C70E08-431D-4FFF-B06F-CA396253A673}.Debug|x64.Build.0 = Debug|x64
		{D1C70E08-431D-4FFF-B06F-CA396253A673}.Debug|x86.ActiveCfg = Debug|Win32
		{D1C70E08-431D-4FFF-B06F-CA396253A673}.Debug|x86.Build.0 = Debug|Win32
		{D1C70E08-431D-4FFF-B06F-CA396253A673}.Release|x64.ActiveCfg = Release|x64
		{D1C70E08-431D-4FFF-B06F-CA396253A673}.Release|x64.Build.0 = Release|x64
		{D1C70E08-431D-4FFF-B06F-CA396253A673}.Release|x86.ActiveCfg = Release|Win32
		{D1C70E08-431D-4FFF-B06F-CA396253A673}.Release|x86.Build.0 = Release|Win32
	EndGlobalSection
	GlobalSection(SolutionProperties) = preSolution
		HideSolutionNode = FALSE
	EndGlobalSection
	GlobalSection(ExtensibilityGlobals) = postSolution
		SolutionGuid = {FBFE9E23-B53F-41AD-88A7-0C220867A944}
	EndGlobalSection
EndGlobal
